
Microsoft Visual Studio Solution File, Format Version 12.00
# Visual Studio Version 17
VisualStudioVersion = 17.2.32630.192
MinimumVisualStudioVersion = 10.0.40219.1
Project("{8BC9CEB8-8B4A-11D0-8D11-00A0C91BC942}") = "HelloThreading", "HelloThreading\HelloThreading.vcxproj", "{BA4409F1-E905-4F52-99EA-B7930E90761C}"
EndProject
Global
	GlobalSection(SolutionConfigurationPlatforms) = preSolution
		Debug|x64 = Debug|x64
		Debug|x86 = Debug|x86
		Release|x64 = Release|x64
		Release|x86 = Release|x86
	EndGlobalSection
	GlobalSection(ProjectConfigurationPlatforms) = postSolution
		{BA4409F1-E905-4F52-99EA-B7930E90761C}.Debug|x64.ActiveCfg = Debug|x64
		{BA4409F1-E905-4F52-99EA-B7930E90761C}.Debug|x64.Build.0 = Debug|x64
		{BA4409F1-E905-4F52-99EA-B7930E90761C}.Debug|x86.ActiveCfg = Debug|Win32
		{BA4409F1-E905-4F52-99EA-B7930E90761C}.Debug|x86.Build.0 = Debug|Win32
		{BA4409F1-E905-4F52-99EA-B7930E90761C}.Release|x64.ActiveCfg = Release|x64
		{BA4409F1-E905-4F52-99EA-B7930E90761C}.Release|x64.Build.0 = Release|x64
		{BA4409F1-E905-4F52-99EA-B7930E90761C}.Release|x86.ActiveCfg = Release|Win32
		{BA4409F1-E905-4F52-99EA-B7930E90761C}.Release|x86.Build.0 = Release|Win32
	EndGlobalSection
	GlobalSection(SolutionProperties) = preSolution
		HideSolutionNode = FALSE
	EndGlobalSection
	GlobalSection(ExtensibilityGlobals) = postSolution
		SolutionGuid = {4EE951F3-72C8-46A1-8A76-A057FADE3189}
	EndGlobalSection
EndGlobal
